
Microsoft Visual Studio Solution File, Format Version 11.00
# Visual Studio 2010
Project("{FAE04EC0-301F-11D3-BF4B-00C04F79EFBC}") = "Fluency", "Fluency\Fluency.csproj", "{D842F635-2922-4DB4-B636-C1A948FAE195}"
EndProject
Project("{FAE04EC0-301F-11D3-BF4B-00C04F79EFBC}") = "Fluency.Tests", "Fluency.Tests\Fluency.Tests.csproj", "{620AB59F-6398-4190-8538-A2684BC9A9F9}"
EndProject
Project("{2150E333-8FDC-42A3-9474-1A3956D46DE8}") = "Solution Items", "Solution Items", "{A565D4FA-37C4-442B-BF58-4CB9E4F5E036}"
	ProjectSection(SolutionItems) = preProject
		Fluency.vsmdi = Fluency.vsmdi
		Local.testsettings = Local.testsettings
		TraceAndTestImpact.testsettings = TraceAndTestImpact.testsettings
	EndProjectSection
EndProject
Global
	GlobalSection(TestCaseManagementSettings) = postSolution
		CategoryFile = Fluency.vsmdi
	EndGlobalSection
	GlobalSection(SolutionConfigurationPlatforms) = preSolution
		Debug|Any CPU = Debug|Any CPU
		Release|Any CPU = Release|Any CPU
	EndGlobalSection
	GlobalSection(ProjectConfigurationPlatforms) = postSolution
		{D842F635-2922-4DB4-B636-C1A948FAE195}.Debug|Any CPU.ActiveCfg = Debug|Any CPU
		{D842F635-2922-4DB4-B636-C1A948FAE195}.Debug|Any CPU.Build.0 = Debug|Any CPU
		{D842F635-2922-4DB4-B636-C1A948FAE195}.Release|Any CPU.ActiveCfg = Release|Any CPU
		{D842F635-2922-4DB4-B636-C1A948FAE195}.Release|Any CPU.Build.0 = Release|Any CPU
		{620AB59F-6398-4190-8538-A2684BC9A9F9}.Debug|Any CPU.ActiveCfg = Debug|Any CPU
		{620AB59F-6398-4190-8538-A2684BC9A9F9}.Debug|Any CPU.Build.0 = Debug|Any CPU
		{620AB59F-6398-4190-8538-A2684BC9A9F9}.Release|Any CPU.ActiveCfg = Release|Any CPU
		{620AB59F-6398-4190-8538-A2684BC9A9F9}.Release|Any CPU.Build.0 = Release|Any CPU
	EndGlobalSection
	GlobalSection(SolutionProperties) = preSolution
		HideSolutionNode = FALSE
	EndGlobalSection
EndGlobal
